
Microsoft Visual Studio Solution File, Format Version 12.00
# Visual Studio Version 17
VisualStudioVersion = 17.3.32819.101
MinimumVisualStudioVersion = 10.0.40219.1
Project("{FAE04EC0-301F-11D3-BF4B-00C04F79EFBC}") = "musicapp", "musicapp\musicapp.csproj", "{C354AB79-65FA-487F-A169-8ACC06052744}"
EndProject
Global
	GlobalSection(SolutionConfigurationPlatforms) = preSolution
		Debug|Any CPU = Debug|Any CPU
		Release|Any CPU = Release|Any CPU
	EndGlobalSection
	GlobalSection(ProjectConfigurationPlatforms) = postSolution
		{C354AB79-65FA-487F-A169-8ACC06052744}.Debug|Any CPU.ActiveCfg = Debug|Any CPU
		{C354AB79-65FA-487F-A169-8ACC06052744}.Debug|Any CPU.Build.0 = Debug|Any CPU
		{C354AB79-65FA-487F-A169-8ACC06052744}.Release|Any CPU.ActiveCfg = Release|Any CPU
		{C354AB79-65FA-487F-A169-8ACC06052744}.Release|Any CPU.Build.0 = Release|Any CPU
	EndGlobalSection
	GlobalSection(SolutionProperties) = preSolution
		HideSolutionNode = FALSE
	EndGlobalSection
	GlobalSection(ExtensibilityGlobals) = postSolution
		SolutionGuid = {118D0620-FDE3-4441-85F5-73E60392A207}
	EndGlobalSection
EndGlobal
